
Microsoft Visual Studio Solution File, Format Version 12.00
# Visual Studio 15
VisualStudioVersion = 15.0.27703.2026
MinimumVisualStudioVersion = 10.0.40219.1
Project("{FAE04EC0-301F-11D3-BF4B-00C04F79EFBC}") = "Eventos", "Eventos\Eventos.csproj", "{7D0559FB-EE06-4431-9A41-B20C5C12DD22}"
EndProject
Global
	GlobalSection(SolutionConfigurationPlatforms) = preSolution
		Debug|Any CPU = Debug|Any CPU
		Release|Any CPU = Release|Any CPU
	EndGlobalSection
	GlobalSection(ProjectConfigurationPlatforms) = postSolution
		{7D0559FB-EE06-4431-9A41-B20C5C12DD22}.Debug|Any CPU.ActiveCfg = Debug|Any CPU
		{7D0559FB-EE06-4431-9A41-B20C5C12DD22}.Debug|Any CPU.Build.0 = Debug|Any CPU
		{7D0559FB-EE06-4431-9A41-B20C5C12DD22}.Release|Any CPU.ActiveCfg = Release|Any CPU
		{7D0559FB-EE06-4431-9A41-B20C5C12DD22}.Release|Any CPU.Build.0 = Release|Any CPU
	EndGlobalSection
	GlobalSection(SolutionProperties) = preSolution
		HideSolutionNode = FALSE
	EndGlobalSection
	GlobalSection(ExtensibilityGlobals) = postSolution
		SolutionGuid = {A3928C2B-BB3E-4518-ADC8-D3856C4A1C82}
	EndGlobalSection
EndGlobal
